// !$*UTF8*$!
{
	archiveVersion = 1;
	classes = {
	};
	objectVersion = 46;
	objects = {

/* Begin PBXBuildFile section */
		103BCA7D1DA5883B0070AB07 /* DatabaseIntegration+transitions.swift in Sources */ = {isa = PBXBuildFile; fileRef = 103BCA7C1DA5883B0070AB07 /* DatabaseIntegration+transitions.swift */; };
		105F40FC1D775C8200852EDC /* locationPin@2x.png in Resources */ = {isa = PBXBuildFile; fileRef = 105F40FA1D775C8200852EDC /* locationPin@2x.png */; };
		105F40FD1D775C8200852EDC /* locationPin@3x.png in Resources */ = {isa = PBXBuildFile; fileRef = 105F40FB1D775C8200852EDC /* locationPin@3x.png */; };
		106AB8151D6FECE900C03C35 /* TabBarViewController.m in Sources */ = {isa = PBXBuildFile; fileRef = 106AB8141D6FECE900C03C35 /* TabBarViewController.m */; };
		1089D40D1DA8373D00591DFB /* UIViewController+Alerts.m in Sources */ = {isa = PBXBuildFile; fileRef = 1089D40C1DA8373D00591DFB /* UIViewController+Alerts.m */; };
		10D4588C1DA15CE0000DC62A /* GoogleService-Info.plist in Resources */ = {isa = PBXBuildFile; fileRef = 10D4588B1DA15CE0000DC62A /* GoogleService-Info.plist */; };
		10EACB4B1D85CF1400F9B24F /* InfoViewController.swift in Sources */ = {isa = PBXBuildFile; fileRef = 10EACB4A1D85CF1400F9B24F /* InfoViewController.swift */; };
		10EACB4D1D85D09300F9B24F /* MessageUI.framework in Frameworks */ = {isa = PBXBuildFile; fileRef = 10EACB4C1D85D09300F9B24F /* MessageUI.framework */; };
		10EACB4F1D85D90D00F9B24F /* lumi-privacy.pdf in Resources */ = {isa = PBXBuildFile; fileRef = 10EACB4E1D85D90D00F9B24F /* lumi-privacy.pdf */; };
		10EACB521D85F6CF00F9B24F /* UIApplication+RDAppVersion.m in Sources */ = {isa = PBXBuildFile; fileRef = 10EACB511D85F6CF00F9B24F /* UIApplication+RDAppVersion.m */; };
		10EACB541D8682AB00F9B24F /* termsOfUseViewController.swift in Sources */ = {isa = PBXBuildFile; fileRef = 10EACB531D8682AB00F9B24F /* termsOfUseViewController.swift */; };
		19292E8B1CEB8384007B5B05 /* main.m in Sources */ = {isa = PBXBuildFile; fileRef = 19292E8A1CEB8384007B5B05 /* main.m */; };
		19292E8E1CEB8384007B5B05 /* AppDelegate.m in Sources */ = {isa = PBXBuildFile; fileRef = 19292E8D1CEB8384007B5B05 /* AppDelegate.m */; };
		19292E971CEB8384007B5B05 /* Main.storyboard in Resources */ = {isa = PBXBuildFile; fileRef = 19292E951CEB8384007B5B05 /* Main.storyboard */; };
		19292E991CEB8384007B5B05 /* Assets.xcassets in Resources */ = {isa = PBXBuildFile; fileRef = 19292E981CEB8384007B5B05 /* Assets.xcassets */; };
		19292E9C1CEB8384007B5B05 /* LaunchScreen.storyboard in Resources */ = {isa = PBXBuildFile; fileRef = 19292E9A1CEB8384007B5B05 /* LaunchScreen.storyboard */; };
		19292EAB1CEB8A15007B5B05 /* connect.png in Resources */ = {isa = PBXBuildFile; fileRef = 19292EA41CEB8A15007B5B05 /* connect.png */; };
		19292EAC1CEB8A15007B5B05 /* exchange.png in Resources */ = {isa = PBXBuildFile; fileRef = 19292EA51CEB8A15007B5B05 /* exchange.png */; };
		19292EAD1CEB8A15007B5B05 /* home.png in Resources */ = {isa = PBXBuildFile; fileRef = 19292EA61CEB8A15007B5B05 /* home.png */; };
		19292EAE1CEB8A15007B5B05 /* map.png in Resources */ = {isa = PBXBuildFile; fileRef = 19292EA71CEB8A15007B5B05 /* map.png */; };
		19292EAF1CEB8A15007B5B05 /* map2.png in Resources */ = {isa = PBXBuildFile; fileRef = 19292EA81CEB8A15007B5B05 /* map2.png */; };
		19292EB01CEB8A15007B5B05 /* profile.png in Resources */ = {isa = PBXBuildFile; fileRef = 19292EA91CEB8A15007B5B05 /* profile.png */; };
		19292EB11CEB8A15007B5B05 /* profile2.png in Resources */ = {isa = PBXBuildFile; fileRef = 19292EAA1CEB8A15007B5B05 /* profile2.png */; };
		19292EB91CEB8A1C007B5B05 /* connect@2x.png in Resources */ = {isa = PBXBuildFile; fileRef = 19292EB21CEB8A1C007B5B05 /* connect@2x.png */; };
		19292EBA1CEB8A1C007B5B05 /* exchange@2x.png in Resources */ = {isa = PBXBuildFile; fileRef = 19292EB31CEB8A1C007B5B05 /* exchange@2x.png */; };
		19292EBB1CEB8A1C007B5B05 /* home@2x.png in Resources */ = {isa = PBXBuildFile; fileRef = 19292EB41CEB8A1C007B5B05 /* home@2x.png */; };
		19292EBC1CEB8A1C007B5B05 /* map@2x.png in Resources */ = {isa = PBXBuildFile; fileRef = 19292EB51CEB8A1C007B5B05 /* map@2x.png */; };
		19292EBD1CEB8A1C007B5B05 /* map2@2x.png in Resources */ = {isa = PBXBuildFile; fileRef = 19292EB61CEB8A1C007B5B05 /* map2@2x.png */; };
		19292EBE1CEB8A1C007B5B05 /* profile@2x.png in Resources */ = {isa = PBXBuildFile; fileRef = 19292EB71CEB8A1C007B5B05 /* profile@2x.png */; };
		19292EBF1CEB8A1C007B5B05 /* profile2@2x.png in Resources */ = {isa = PBXBuildFile; fileRef = 19292EB81CEB8A1C007B5B05 /* profile2@2x.png */; };
		19292EC71CEB8A23007B5B05 /* connect@3x.png in Resources */ = {isa = PBXBuildFile; fileRef = 19292EC01CEB8A23007B5B05 /* connect@3x.png */; };
		19292EC81CEB8A23007B5B05 /* exchange@3x.png in Resources */ = {isa = PBXBuildFile; fileRef = 19292EC11CEB8A23007B5B05 /* exchange@3x.png */; };
		19292EC91CEB8A23007B5B05 /* home@3x.png in Resources */ = {isa = PBXBuildFile; fileRef = 19292EC21CEB8A23007B5B05 /* home@3x.png */; };
		19292ECA1CEB8A23007B5B05 /* map@3x.png in Resources */ = {isa = PBXBuildFile; fileRef = 19292EC31CEB8A23007B5B05 /* map@3x.png */; };
		19292ECB1CEB8A23007B5B05 /* map2@3x.png in Resources */ = {isa = PBXBuildFile; fileRef = 19292EC41CEB8A23007B5B05 /* map2@3x.png */; };
		19292ECC1CEB8A23007B5B05 /* profile@3x.png in Resources */ = {isa = PBXBuildFile; fileRef = 19292EC51CEB8A23007B5B05 /* profile@3x.png */; };
		19292ECD1CEB8A23007B5B05 /* profile2@3x.png in Resources */ = {isa = PBXBuildFile; fileRef = 19292EC61CEB8A23007B5B05 /* profile2@3x.png */; };
		19292ED11CEB8B3D007B5B05 /* HomeViewController.m in Sources */ = {isa = PBXBuildFile; fileRef = 19292ED01CEB8B3D007B5B05 /* HomeViewController.m */; };
		19292ED41CEB8B4B007B5B05 /* ConnectViewController.m in Sources */ = {isa = PBXBuildFile; fileRef = 19292ED31CEB8B4B007B5B05 /* ConnectViewController.m */; };
		19292EDA1CEB8B69007B5B05 /* ExchangeViewController.m in Sources */ = {isa = PBXBuildFile; fileRef = 19292ED91CEB8B69007B5B05 /* ExchangeViewController.m */; };
		19292EDD1CEB8B75007B5B05 /* MapViewController.m in Sources */ = {isa = PBXBuildFile; fileRef = 19292EDC1CEB8B75007B5B05 /* MapViewController.m */; };
		197C9E401D04AAD00017D46A /* DatabaseIntegration.m in Sources */ = {isa = PBXBuildFile; fileRef = 197C9E3F1D04AAD00017D46A /* DatabaseIntegration.m */; };
		197C9E421D04BDC00017D46A /* MapKit.framework in Frameworks */ = {isa = PBXBuildFile; fileRef = 197C9E411D04BDC00017D46A /* MapKit.framework */; };
		197C9E441D04BDCB0017D46A /* AVFoundation.framework in Frameworks */ = {isa = PBXBuildFile; fileRef = 197C9E431D04BDCB0017D46A /* AVFoundation.framework */; };
		197C9E471D04C1F70017D46A /* RDCodeScannerView.m in Sources */ = {isa = PBXBuildFile; fileRef = 197C9E461D04C1F70017D46A /* RDCodeScannerView.m */; };
		19AC0C4A1D05E104001AA2E1 /* BubbleStyleKit.m in Sources */ = {isa = PBXBuildFile; fileRef = 19AC0C491D05E104001AA2E1 /* BubbleStyleKit.m */; };
		19AC0C4D1D05E151001AA2E1 /* BubbleView.m in Sources */ = {isa = PBXBuildFile; fileRef = 19AC0C4C1D05E151001AA2E1 /* BubbleView.m */; };
		19AC0C501D060429001AA2E1 /* LocalDataIntegration.m in Sources */ = {isa = PBXBuildFile; fileRef = 19AC0C4F1D060429001AA2E1 /* LocalDataIntegration.m */; };
		19E0D2231D17384600CC081C /* ProfilePageViewController.swift in Sources */ = {isa = PBXBuildFile; fileRef = 19E0D2221D17384600CC081C /* ProfilePageViewController.swift */; };
		19E0D2251D173A1900CC081C /* ProfileViewController.swift in Sources */ = {isa = PBXBuildFile; fileRef = 19E0D2241D173A1900CC081C /* ProfileViewController.swift */; };
		19E0D2271D173A2700CC081C /* LogsTableViewController.swift in Sources */ = {isa = PBXBuildFile; fileRef = 19E0D2261D173A2700CC081C /* LogsTableViewController.swift */; };
		19E0D22A1D173FD400CC081C /* UIColor+Lumi.m in Sources */ = {isa = PBXBuildFile; fileRef = 19E0D2291D173FD400CC081C /* UIColor+Lumi.m */; };
		6AA7879D1D17D7C700795115 /* error.png in Resources */ = {isa = PBXBuildFile; fileRef = 6AA7879C1D17D7C700795115 /* error.png */; };
		6AA787A01D17EA1A00795115 /* RGFormViewController.m in Sources */ = {isa = PBXBuildFile; fileRef = 6AA7879F1D17EA1A00795115 /* RGFormViewController.m */; };
		D3094E4F1D0710FB00E3C180 /* lumi.png in Resources */ = {isa = PBXBuildFile; fileRef = D3094E4E1D0710FB00E3C180 /* lumi.png */; };
		D309DD541D5896CF0064C70F /* Reachability.m in Sources */ = {isa = PBXBuildFile; fileRef = D309DD531D5896CF0064C70F /* Reachability.m */; };
		D309DD571D5896FB0064C70F /* RDInternetData.m in Sources */ = {isa = PBXBuildFile; fileRef = D309DD561D5896FB0064C70F /* RDInternetData.m */; };
		D34F0C2F1D1796F4003EFA6E /* RGTextField.m in Sources */ = {isa = PBXBuildFile; fileRef = D34F0C2E1D1796F4003EFA6E /* RGTextField.m */; };
		D34F0C3C1D17996C003EFA6E /* AMPopTip.m in Sources */ = {isa = PBXBuildFile; fileRef = D34F0C321D17996C003EFA6E /* AMPopTip.m */; };
		D34F0C3D1D17996C003EFA6E /* AMPopTip+Animation.m in Sources */ = {isa = PBXBuildFile; fileRef = D34F0C341D17996C003EFA6E /* AMPopTip+Animation.m */; };
		D34F0C3E1D17996C003EFA6E /* AMPopTip+Draw.m in Sources */ = {isa = PBXBuildFile; fileRef = D34F0C361D17996C003EFA6E /* AMPopTip+Draw.m */; };
		D34F0C3F1D17996C003EFA6E /* AMPopTip+Entrance.m in Sources */ = {isa = PBXBuildFile; fileRef = D34F0C381D17996C003EFA6E /* AMPopTip+Entrance.m */; };
		D34F0C401D17996C003EFA6E /* AMPopTip+Exit.m in Sources */ = {isa = PBXBuildFile; fileRef = D34F0C3A1D17996C003EFA6E /* AMPopTip+Exit.m */; };
		D3AAD61D1D66F83A0032F058 /* EntryViewController.m in Sources */ = {isa = PBXBuildFile; fileRef = D3AAD61C1D66F83A0032F058 /* EntryViewController.m */; };
		D3AAD61F1D66FD6E0032F058 /* locationPin.png in Resources */ = {isa = PBXBuildFile; fileRef = D3AAD61E1D66FD6E0032F058 /* locationPin.png */; };
		D3B423771D051DDC00014B66 /* LoginViewController.m in Sources */ = {isa = PBXBuildFile; fileRef = D3B423761D051DDC00014B66 /* LoginViewController.m */; };
		D3B4237A1D051DED00014B66 /* SignInViewController.m in Sources */ = {isa = PBXBuildFile; fileRef = D3B423791D051DED00014B66 /* SignInViewController.m */; };
		D3B4237D1D05374700014B66 /* ImageShareViewController.m in Sources */ = {isa = PBXBuildFile; fileRef = D3B4237C1D05374700014B66 /* ImageShareViewController.m */; };
		FB19952C15AAE3F4BA0A684C /* Pods_Lumi_iOS.framework in Frameworks */ = {isa = PBXBuildFile; fileRef = 7049387363CF19F8A1028CDE /* Pods_Lumi_iOS.framework */; };
/* End PBXBuildFile section */

/* Begin PBXFileReference section */
		103BCA7C1DA5883B0070AB07 /* DatabaseIntegration+transitions.swift */ = {isa = PBXFileReference; fileEncoding = 4; lastKnownFileType = sourcecode.swift; path = "DatabaseIntegration+transitions.swift"; sourceTree = "<group>"; };
		105F40FA1D775C8200852EDC /* locationPin@2x.png */ = {isa = PBXFileReference; lastKnownFileType = image.png; path = "locationPin@2x.png"; sourceTree = "<group>"; };
		105F40FB1D775C8200852EDC /* locationPin@3x.png */ = {isa = PBXFileReference; lastKnownFileType = image.png; path = "locationPin@3x.png"; sourceTree = "<group>"; };
		106AB8131D6FECE900C03C35 /* TabBarViewController.h */ = {isa = PBXFileReference; fileEncoding = 4; lastKnownFileType = sourcecode.c.h; path = TabBarViewController.h; sourceTree = "<group>"; };
		106AB8141D6FECE900C03C35 /* TabBarViewController.m */ = {isa = PBXFileReference; fileEncoding = 4; lastKnownFileType = sourcecode.c.objc; path = TabBarViewController.m; sourceTree = "<group>"; };
		1089D40B1DA8373D00591DFB /* UIViewController+Alerts.h */ = {isa = PBXFileReference; fileEncoding = 4; lastKnownFileType = sourcecode.c.h; path = "UIViewController+Alerts.h"; sourceTree = "<group>"; };
		1089D40C1DA8373D00591DFB /* UIViewController+Alerts.m */ = {isa = PBXFileReference; fileEncoding = 4; lastKnownFileType = sourcecode.c.objc; path = "UIViewController+Alerts.m"; sourceTree = "<group>"; };
		10D4588B1DA15CE0000DC62A /* GoogleService-Info.plist */ = {isa = PBXFileReference; fileEncoding = 4; lastKnownFileType = text.plist.xml; path = "GoogleService-Info.plist"; sourceTree = "<group>"; };
		10EACB4A1D85CF1400F9B24F /* InfoViewController.swift */ = {isa = PBXFileReference; fileEncoding = 4; lastKnownFileType = sourcecode.swift; name = InfoViewController.swift; path = ../InfoViewController.swift; sourceTree = "<group>"; };
		10EACB4C1D85D09300F9B24F /* MessageUI.framework */ = {isa = PBXFileReference; lastKnownFileType = wrapper.framework; name = MessageUI.framework; path = System/Library/Frameworks/MessageUI.framework; sourceTree = SDKROOT; };
		10EACB4E1D85D90D00F9B24F /* lumi-privacy.pdf */ = {isa = PBXFileReference; lastKnownFileType = image.pdf; path = "lumi-privacy.pdf"; sourceTree = "<group>"; };
		10EACB501D85F6CF00F9B24F /* UIApplication+RDAppVersion.h */ = {isa = PBXFileReference; fileEncoding = 4; lastKnownFileType = sourcecode.c.h; path = "UIApplication+RDAppVersion.h"; sourceTree = "<group>"; };
		10EACB511D85F6CF00F9B24F /* UIApplication+RDAppVersion.m */ = {isa = PBXFileReference; fileEncoding = 4; lastKnownFileType = sourcecode.c.objc; path = "UIApplication+RDAppVersion.m"; sourceTree = "<group>"; };
		10EACB531D8682AB00F9B24F /* termsOfUseViewController.swift */ = {isa = PBXFileReference; fileEncoding = 4; lastKnownFileType = sourcecode.swift; path = termsOfUseViewController.swift; sourceTree = "<group>"; };
		10F2F1191E4CC6F6009B8C8F /* Playground Energy.entitlements */ = {isa = PBXFileReference; lastKnownFileType = text.plist.entitlements; path = "Playground Energy.entitlements"; sourceTree = "<group>"; };
		19292E861CEB8384007B5B05 /* Playground Energy.app */ = {isa = PBXFileReference; explicitFileType = wrapper.application; includeInIndex = 0; path = "Playground Energy.app"; sourceTree = BUILT_PRODUCTS_DIR; };
		19292E8A1CEB8384007B5B05 /* main.m */ = {isa = PBXFileReference; lastKnownFileType = sourcecode.c.objc; path = main.m; sourceTree = "<group>"; };
		19292E8C1CEB8384007B5B05 /* AppDelegate.h */ = {isa = PBXFileReference; lastKnownFileType = sourcecode.c.h; path = AppDelegate.h; sourceTree = "<group>"; };
		19292E8D1CEB8384007B5B05 /* AppDelegate.m */ = {isa = PBXFileReference; lastKnownFileType = sourcecode.c.objc; path = AppDelegate.m; sourceTree = "<group>"; };
		19292E961CEB8384007B5B05 /* Base */ = {isa = PBXFileReference; lastKnownFileType = file.storyboard; name = Base; path = Base.lproj/Main.storyboard; sourceTree = "<group>"; };
		19292E981CEB8384007B5B05 /* Assets.xcassets */ = {isa = PBXFileReference; lastKnownFileType = folder.assetcatalog; path = Assets.xcassets; sourceTree = "<group>"; };
		19292E9B1CEB8384007B5B05 /* Base */ = {isa = PBXFileReference; lastKnownFileType = file.storyboard; name = Base; path = Base.lproj/LaunchScreen.storyboard; sourceTree = "<group>"; };
		19292E9D1CEB8384007B5B05 /* Info.plist */ = {isa = PBXFileReference; lastKnownFileType = text.plist.xml; path = Info.plist; sourceTree = "<group>"; };
		19292EA41CEB8A15007B5B05 /* connect.png */ = {isa = PBXFileReference; lastKnownFileType = image.png; path = connect.png; sourceTree = "<group>"; };
		19292EA51CEB8A15007B5B05 /* exchange.png */ = {isa = PBXFileReference; lastKnownFileType = image.png; path = exchange.png; sourceTree = "<group>"; };
		19292EA61CEB8A15007B5B05 /* home.png */ = {isa = PBXFileReference; lastKnownFileType = image.png; path = home.png; sourceTree = "<group>"; };
		19292EA71CEB8A15007B5B05 /* map.png */ = {isa = PBXFileReference; lastKnownFileType = image.png; path = map.png; sourceTree = "<group>"; };
		19292EA81CEB8A15007B5B05 /* map2.png */ = {isa = PBXFileReference; lastKnownFileType = image.png; path = map2.png; sourceTree = "<group>"; };
		19292EA91CEB8A15007B5B05 /* profile.png */ = {isa = PBXFileReference; lastKnownFileType = image.png; path = profile.png; sourceTree = "<group>"; };
		19292EAA1CEB8A15007B5B05 /* profile2.png */ = {isa = PBXFileReference; lastKnownFileType = image.png; path = profile2.png; sourceTree = "<group>"; };
		19292EB21CEB8A1C007B5B05 /* connect@2x.png */ = {isa = PBXFileReference; lastKnownFileType = image.png; path = "connect@2x.png"; sourceTree = "<group>"; };
		19292EB31CEB8A1C007B5B05 /* exchange@2x.png */ = {isa = PBXFileReference; lastKnownFileType = image.png; path = "exchange@2x.png"; sourceTree = "<group>"; };
		19292EB41CEB8A1C007B5B05 /* home@2x.png */ = {isa = PBXFileReference; lastKnownFileType = image.png; path = "home@2x.png"; sourceTree = "<group>"; };
		19292EB51CEB8A1C007B5B05 /* map@2x.png */ = {isa = PBXFileReference; lastKnownFileType = image.png; path = "map@2x.png"; sourceTree = "<group>"; };
		19292EB61CEB8A1C007B5B05 /* map2@2x.png */ = {isa = PBXFileReference; lastKnownFileType = image.png; path = "map2@2x.png"; sourceTree = "<group>"; };
		19292EB71CEB8A1C007B5B05 /* profile@2x.png */ = {isa = PBXFileReference; lastKnownFileType = image.png; path = "profile@2x.png"; sourceTree = "<group>"; };
		19292EB81CEB8A1C007B5B05 /* profile2@2x.png */ = {isa = PBXFileReference; lastKnownFileType = image.png; path = "profile2@2x.png"; sourceTree = "<group>"; };
		19292EC01CEB8A23007B5B05 /* connect@3x.png */ = {isa = PBXFileReference; lastKnownFileType = image.png; path = "connect@3x.png"; sourceTree = "<group>"; };
		19292EC11CEB8A23007B5B05 /* exchange@3x.png */ = {isa = PBXFileReference; lastKnownFileType = image.png; path = "exchange@3x.png"; sourceTree = "<group>"; };
		19292EC21CEB8A23007B5B05 /* home@3x.png */ = {isa = PBXFileReference; lastKnownFileType = image.png; path = "home@3x.png"; sourceTree = "<group>"; };
		19292EC31CEB8A23007B5B05 /* map@3x.png */ = {isa = PBXFileReference; lastKnownFileType = image.png; path = "map@3x.png"; sourceTree = "<group>"; };
		19292EC41CEB8A23007B5B05 /* map2@3x.png */ = {isa = PBXFileReference; lastKnownFileType = image.png; path = "map2@3x.png"; sourceTree = "<group>"; };
		19292EC51CEB8A23007B5B05 /* profile@3x.png */ = {isa = PBXFileReference; lastKnownFileType = image.png; path = "profile@3x.png"; sourceTree = "<group>"; };
		19292EC61CEB8A23007B5B05 /* profile2@3x.png */ = {isa = PBXFileReference; lastKnownFileType = image.png; path = "profile2@3x.png"; sourceTree = "<group>"; };
		19292ECF1CEB8B3D007B5B05 /* HomeViewController.h */ = {isa = PBXFileReference; fileEncoding = 4; lastKnownFileType = sourcecode.c.h; path = HomeViewController.h; sourceTree = "<group>"; };
		19292ED01CEB8B3D007B5B05 /* HomeViewController.m */ = {isa = PBXFileReference; fileEncoding = 4; lastKnownFileType = sourcecode.c.objc; path = HomeViewController.m; sourceTree = "<group>"; };
		19292ED21CEB8B4B007B5B05 /* ConnectViewController.h */ = {isa = PBXFileReference; fileEncoding = 4; lastKnownFileType = sourcecode.c.h; path = ConnectViewController.h; sourceTree = "<group>"; };
		19292ED31CEB8B4B007B5B05 /* ConnectViewController.m */ = {isa = PBXFileReference; fileEncoding = 4; lastKnownFileType = sourcecode.c.objc; path = ConnectViewController.m; sourceTree = "<group>"; };
		19292ED81CEB8B69007B5B05 /* ExchangeViewController.h */ = {isa = PBXFileReference; fileEncoding = 4; lastKnownFileType = sourcecode.c.h; path = ExchangeViewController.h; sourceTree = "<group>"; };
		19292ED91CEB8B69007B5B05 /* ExchangeViewController.m */ = {isa = PBXFileReference; fileEncoding = 4; lastKnownFileType = sourcecode.c.objc; path = ExchangeViewController.m; sourceTree = "<group>"; };
		19292EDB1CEB8B75007B5B05 /* MapViewController.h */ = {isa = PBXFileReference; fileEncoding = 4; lastKnownFileType = sourcecode.c.h; path = MapViewController.h; sourceTree = "<group>"; };
		19292EDC1CEB8B75007B5B05 /* MapViewController.m */ = {isa = PBXFileReference; fileEncoding = 4; lastKnownFileType = sourcecode.c.objc; path = MapViewController.m; sourceTree = "<group>"; };
		197C9E3E1D04AAD00017D46A /* DatabaseIntegration.h */ = {isa = PBXFileReference; fileEncoding = 4; lastKnownFileType = sourcecode.c.h; path = DatabaseIntegration.h; sourceTree = "<group>"; };
		197C9E3F1D04AAD00017D46A /* DatabaseIntegration.m */ = {isa = PBXFileReference; fileEncoding = 4; lastKnownFileType = sourcecode.c.objc; path = DatabaseIntegration.m; sourceTree = "<group>"; };
		197C9E411D04BDC00017D46A /* MapKit.framework */ = {isa = PBXFileReference; lastKnownFileType = wrapper.framework; name = MapKit.framework; path = System/Library/Frameworks/MapKit.framework; sourceTree = SDKROOT; };
		197C9E431D04BDCB0017D46A /* AVFoundation.framework */ = {isa = PBXFileReference; lastKnownFileType = wrapper.framework; name = AVFoundation.framework; path = System/Library/Frameworks/AVFoundation.framework; sourceTree = SDKROOT; };
		197C9E451D04C1F70017D46A /* RDCodeScannerView.h */ = {isa = PBXFileReference; fileEncoding = 4; lastKnownFileType = sourcecode.c.h; path = RDCodeScannerView.h; sourceTree = "<group>"; };
		197C9E461D04C1F70017D46A /* RDCodeScannerView.m */ = {isa = PBXFileReference; fileEncoding = 4; lastKnownFileType = sourcecode.c.objc; path = RDCodeScannerView.m; sourceTree = "<group>"; };
		19AC0C481D05E104001AA2E1 /* BubbleStyleKit.h */ = {isa = PBXFileReference; fileEncoding = 4; lastKnownFileType = sourcecode.c.h; path = BubbleStyleKit.h; sourceTree = "<group>"; };
		19AC0C491D05E104001AA2E1 /* BubbleStyleKit.m */ = {isa = PBXFileReference; fileEncoding = 4; lastKnownFileType = sourcecode.c.objc; path = BubbleStyleKit.m; sourceTree = "<group>"; };
		19AC0C4B1D05E151001AA2E1 /* BubbleView.h */ = {isa = PBXFileReference; fileEncoding = 4; lastKnownFileType = sourcecode.c.h; path = BubbleView.h; sourceTree = "<group>"; };
		19AC0C4C1D05E151001AA2E1 /* BubbleView.m */ = {isa = PBXFileReference; fileEncoding = 4; lastKnownFileType = sourcecode.c.objc; path = BubbleView.m; sourceTree = "<group>"; };
		19AC0C4E1D060429001AA2E1 /* LocalDataIntegration.h */ = {isa = PBXFileReference; fileEncoding = 4; lastKnownFileType = sourcecode.c.h; path = LocalDataIntegration.h; sourceTree = "<group>"; };
		19AC0C4F1D060429001AA2E1 /* LocalDataIntegration.m */ = {isa = PBXFileReference; fileEncoding = 4; lastKnownFileType = sourcecode.c.objc; path = LocalDataIntegration.m; sourceTree = "<group>"; };
		19E0D2211D17384500CC081C /* Lumi-iOS-Bridging-Header.h */ = {isa = PBXFileReference; lastKnownFileType = sourcecode.c.h; path = "Lumi-iOS-Bridging-Header.h"; sourceTree = "<group>"; };
		19E0D2221D17384600CC081C /* ProfilePageViewController.swift */ = {isa = PBXFileReference; fileEncoding = 4; lastKnownFileType = sourcecode.swift; path = ProfilePageViewController.swift; sourceTree = "<group>"; };
		19E0D2241D173A1900CC081C /* ProfileViewController.swift */ = {isa = PBXFileReference; fileEncoding = 4; lastKnownFileType = sourcecode.swift; path = ProfileViewController.swift; sourceTree = "<group>"; };
		19E0D2261D173A2700CC081C /* LogsTableViewController.swift */ = {isa = PBXFileReference; fileEncoding = 4; lastKnownFileType = sourcecode.swift; path = LogsTableViewController.swift; sourceTree = "<group>"; };
		19E0D2281D173FD400CC081C /* UIColor+Lumi.h */ = {isa = PBXFileReference; fileEncoding = 4; lastKnownFileType = sourcecode.c.h; path = "UIColor+Lumi.h"; sourceTree = "<group>"; };
		19E0D2291D173FD400CC081C /* UIColor+Lumi.m */ = {isa = PBXFileReference; fileEncoding = 4; lastKnownFileType = sourcecode.c.objc; path = "UIColor+Lumi.m"; sourceTree = "<group>"; };
		6AA7879C1D17D7C700795115 /* error.png */ = {isa = PBXFileReference; lastKnownFileType = image.png; path = error.png; sourceTree = "<group>"; };
		6AA7879E1D17EA1A00795115 /* RGFormViewController.h */ = {isa = PBXFileReference; fileEncoding = 4; lastKnownFileType = sourcecode.c.h; path = RGFormViewController.h; sourceTree = "<group>"; };
		6AA7879F1D17EA1A00795115 /* RGFormViewController.m */ = {isa = PBXFileReference; fileEncoding = 4; lastKnownFileType = sourcecode.c.objc; path = RGFormViewController.m; sourceTree = "<group>"; };
		7049387363CF19F8A1028CDE /* Pods_Lumi_iOS.framework */ = {isa = PBXFileReference; explicitFileType = wrapper.framework; includeInIndex = 0; path = Pods_Lumi_iOS.framework; sourceTree = BUILT_PRODUCTS_DIR; };
		C0E9132237D42FF218739975 /* Pods-Lumi-iOS.release.xcconfig */ = {isa = PBXFileReference; includeInIndex = 1; lastKnownFileType = text.xcconfig; name = "Pods-Lumi-iOS.release.xcconfig"; path = "Pods/Target Support Files/Pods-Lumi-iOS/Pods-Lumi-iOS.release.xcconfig"; sourceTree = "<group>"; };
		D3094E4E1D0710FB00E3C180 /* lumi.png */ = {isa = PBXFileReference; lastKnownFileType = image.png; path = lumi.png; sourceTree = "<group>"; };
		D309DD521D5896CF0064C70F /* Reachability.h */ = {isa = PBXFileReference; fileEncoding = 4; lastKnownFileType = sourcecode.c.h; path = Reachability.h; sourceTree = "<group>"; };
		D309DD531D5896CF0064C70F /* Reachability.m */ = {isa = PBXFileReference; fileEncoding = 4; lastKnownFileType = sourcecode.c.objc; path = Reachability.m; sourceTree = "<group>"; };
		D309DD551D5896FB0064C70F /* RDInternetData.h */ = {isa = PBXFileReference; fileEncoding = 4; lastKnownFileType = sourcecode.c.h; path = RDInternetData.h; sourceTree = "<group>"; };
		D309DD561D5896FB0064C70F /* RDInternetData.m */ = {isa = PBXFileReference; fileEncoding = 4; lastKnownFileType = sourcecode.c.objc; path = RDInternetData.m; sourceTree = "<group>"; };
		D34F0C2D1D1796F4003EFA6E /* RGTextField.h */ = {isa = PBXFileReference; fileEncoding = 4; lastKnownFileType = sourcecode.c.h; path = RGTextField.h; sourceTree = "<group>"; };
		D34F0C2E1D1796F4003EFA6E /* RGTextField.m */ = {isa = PBXFileReference; fileEncoding = 4; lastKnownFileType = sourcecode.c.objc; path = RGTextField.m; sourceTree = "<group>"; };
		D34F0C311D17996C003EFA6E /* AMPopTip.h */ = {isa = PBXFileReference; fileEncoding = 4; lastKnownFileType = sourcecode.c.h; path = AMPopTip.h; sourceTree = "<group>"; };
		D34F0C321D17996C003EFA6E /* AMPopTip.m */ = {isa = PBXFileReference; fileEncoding = 4; lastKnownFileType = sourcecode.c.objc; path = AMPopTip.m; sourceTree = "<group>"; };
		D34F0C331D17996C003EFA6E /* AMPopTip+Animation.h */ = {isa = PBXFileReference; fileEncoding = 4; lastKnownFileType = sourcecode.c.h; path = "AMPopTip+Animation.h"; sourceTree = "<group>"; };
		D34F0C341D17996C003EFA6E /* AMPopTip+Animation.m */ = {isa = PBXFileReference; fileEncoding = 4; lastKnownFileType = sourcecode.c.objc; path = "AMPopTip+Animation.m"; sourceTree = "<group>"; };
		D34F0C351D17996C003EFA6E /* AMPopTip+Draw.h */ = {isa = PBXFileReference; fileEncoding = 4; lastKnownFileType = sourcecode.c.h; path = "AMPopTip+Draw.h"; sourceTree = "<group>"; };
		D34F0C361D17996C003EFA6E /* AMPopTip+Draw.m */ = {isa = PBXFileReference; fileEncoding = 4; lastKnownFileType = sourcecode.c.objc; path = "AMPopTip+Draw.m"; sourceTree = "<group>"; };
		D34F0C371D17996C003EFA6E /* AMPopTip+Entrance.h */ = {isa = PBXFileReference; fileEncoding = 4; lastKnownFileType = sourcecode.c.h; path = "AMPopTip+Entrance.h"; sourceTree = "<group>"; };
		D34F0C381D17996C003EFA6E /* AMPopTip+Entrance.m */ = {isa = PBXFileReference; fileEncoding = 4; lastKnownFileType = sourcecode.c.objc; path = "AMPopTip+Entrance.m"; sourceTree = "<group>"; };
		D34F0C391D17996C003EFA6E /* AMPopTip+Exit.h */ = {isa = PBXFileReference; fileEncoding = 4; lastKnownFileType = sourcecode.c.h; path = "AMPopTip+Exit.h"; sourceTree = "<group>"; };
		D34F0C3A1D17996C003EFA6E /* AMPopTip+Exit.m */ = {isa = PBXFileReference; fileEncoding = 4; lastKnownFileType = sourcecode.c.objc; path = "AMPopTip+Exit.m"; sourceTree = "<group>"; };
		D34F0C3B1D17996C003EFA6E /* AMPopTipDefaults.h */ = {isa = PBXFileReference; fileEncoding = 4; lastKnownFileType = sourcecode.c.h; path = AMPopTipDefaults.h; sourceTree = "<group>"; };
		D3AAD61B1D66F83A0032F058 /* EntryViewController.h */ = {isa = PBXFileReference; fileEncoding = 4; lastKnownFileType = sourcecode.c.h; path = EntryViewController.h; sourceTree = "<group>"; };
		D3AAD61C1D66F83A0032F058 /* EntryViewController.m */ = {isa = PBXFileReference; fileEncoding = 4; lastKnownFileType = sourcecode.c.objc; path = EntryViewController.m; sourceTree = "<group>"; };
		D3AAD61E1D66FD6E0032F058 /* locationPin.png */ = {isa = PBXFileReference; lastKnownFileType = image.png; path = locationPin.png; sourceTree = "<group>"; };
		D3B423751D051DDC00014B66 /* LoginViewController.h */ = {isa = PBXFileReference; fileEncoding = 4; lastKnownFileType = sourcecode.c.h; path = LoginViewController.h; sourceTree = "<group>"; };
		D3B423761D051DDC00014B66 /* LoginViewController.m */ = {isa = PBXFileReference; fileEncoding = 4; lastKnownFileType = sourcecode.c.objc; path = LoginViewController.m; sourceTree = "<group>"; };
		D3B423781D051DED00014B66 /* SignInViewController.h */ = {isa = PBXFileReference; fileEncoding = 4; lastKnownFileType = sourcecode.c.h; path = SignInViewController.h; sourceTree = "<group>"; };
		D3B423791D051DED00014B66 /* SignInViewController.m */ = {isa = PBXFileReference; fileEncoding = 4; lastKnownFileType = sourcecode.c.objc; path = SignInViewController.m; sourceTree = "<group>"; };
		D3B4237B1D05374700014B66 /* ImageShareViewController.h */ = {isa = PBXFileReference; fileEncoding = 4; lastKnownFileType = sourcecode.c.h; path = ImageShareViewController.h; sourceTree = "<group>"; };
		D3B4237C1D05374700014B66 /* ImageShareViewController.m */ = {isa = PBXFileReference; fileEncoding = 4; lastKnownFileType = sourcecode.c.objc; path = ImageShareViewController.m; sourceTree = "<group>"; };
		EDA136D6A401203694C0ED45 /* Pods-Lumi-iOS.debug.xcconfig */ = {isa = PBXFileReference; includeInIndex = 1; lastKnownFileType = text.xcconfig; name = "Pods-Lumi-iOS.debug.xcconfig"; path = "Pods/Target Support Files/Pods-Lumi-iOS/Pods-Lumi-iOS.debug.xcconfig"; sourceTree = "<group>"; };
/* End PBXFileReference section */

/* Begin PBXFrameworksBuildPhase section */
		19292E831CEB8384007B5B05 /* Frameworks */ = {
			isa = PBXFrameworksBuildPhase;
			buildActionMask = 2147483647;
			files = (
				10EACB4D1D85D09300F9B24F /* MessageUI.framework in Frameworks */,
				197C9E441D04BDCB0017D46A /* AVFoundation.framework in Frameworks */,
				197C9E421D04BDC00017D46A /* MapKit.framework in Frameworks */,
				FB19952C15AAE3F4BA0A684C /* Pods_Lumi_iOS.framework in Frameworks */,
			);
			runOnlyForDeploymentPostprocessing = 0;
		};
/* End PBXFrameworksBuildPhase section */

/* Begin PBXGroup section */
		17D01D51B65616DF9B2DA96F /* Frameworks */ = {
			isa = PBXGroup;
			children = (
				7049387363CF19F8A1028CDE /* Pods_Lumi_iOS.framework */,
			);
			name = Frameworks;
			sourceTree = "<group>";
		};
		19292E7D1CEB8384007B5B05 = {
			isa = PBXGroup;
			children = (
				10EACB4C1D85D09300F9B24F /* MessageUI.framework */,
				197C9E431D04BDCB0017D46A /* AVFoundation.framework */,
				197C9E411D04BDC00017D46A /* MapKit.framework */,
				19292E881CEB8384007B5B05 /* Lumi-iOS */,
				19292E871CEB8384007B5B05 /* Products */,
				623A494E60F6753020FC90E8 /* Pods */,
				17D01D51B65616DF9B2DA96F /* Frameworks */,
			);
			sourceTree = "<group>";
		};
		19292E871CEB8384007B5B05 /* Products */ = {
			isa = PBXGroup;
			children = (
				19292E861CEB8384007B5B05 /* Playground Energy.app */,
			);
			name = Products;
			sourceTree = "<group>";
		};
		19292E881CEB8384007B5B05 /* Lumi-iOS */ = {
			isa = PBXGroup;
			children = (
				10F2F1191E4CC6F6009B8C8F /* Playground Energy.entitlements */,
				D309DD511D5896A70064C70F /* Other Libralies */,
				19292EA31CEB8A05007B5B05 /* Resources */,
				19292E8C1CEB8384007B5B05 /* AppDelegate.h */,
				19292E8D1CEB8384007B5B05 /* AppDelegate.m */,
				19AC0C471D05E0F9001AA2E1 /* StyleKit */,
				D34F0C301D179952003EFA6E /* AMPopTip */,
				197C9E481D04C1FE0017D46A /* Rapid Development Crew */,
				19292EE01CEB8BC9007B5B05 /* DatabaseLogic */,
				19292EDE1CEB8BAC007B5B05 /* Views */,
				19292ECE1CEB8B03007B5B05 /* ViewControllers */,
				19292E951CEB8384007B5B05 /* Main.storyboard */,
				19292E981CEB8384007B5B05 /* Assets.xcassets */,
				19292E9A1CEB8384007B5B05 /* LaunchScreen.storyboard */,
				19292E9D1CEB8384007B5B05 /* Info.plist */,
				10D4588B1DA15CE0000DC62A /* GoogleService-Info.plist */,
				19292E891CEB8384007B5B05 /* Supporting Files */,
			);
			path = "Lumi-iOS";
			sourceTree = "<group>";
		};
		19292E891CEB8384007B5B05 /* Supporting Files */ = {
			isa = PBXGroup;
			children = (
				D3094E4E1D0710FB00E3C180 /* lumi.png */,
				19292E8A1CEB8384007B5B05 /* main.m */,
			);
			name = "Supporting Files";
			sourceTree = "<group>";
		};
		19292EA31CEB8A05007B5B05 /* Resources */ = {
			isa = PBXGroup;
			children = (
				10EACB4E1D85D90D00F9B24F /* lumi-privacy.pdf */,
				D3AAD61E1D66FD6E0032F058 /* locationPin.png */,
				105F40FA1D775C8200852EDC /* locationPin@2x.png */,
				105F40FB1D775C8200852EDC /* locationPin@3x.png */,
				19292EC01CEB8A23007B5B05 /* connect@3x.png */,
				19292EC11CEB8A23007B5B05 /* exchange@3x.png */,
				19292EC21CEB8A23007B5B05 /* home@3x.png */,
				19292EC31CEB8A23007B5B05 /* map@3x.png */,
				19292EC41CEB8A23007B5B05 /* map2@3x.png */,
				19292EC51CEB8A23007B5B05 /* profile@3x.png */,
				19292EC61CEB8A23007B5B05 /* profile2@3x.png */,
				19292EB21CEB8A1C007B5B05 /* connect@2x.png */,
				19292EB31CEB8A1C007B5B05 /* exchange@2x.png */,
				19292EB41CEB8A1C007B5B05 /* home@2x.png */,
				19292EB51CEB8A1C007B5B05 /* map@2x.png */,
				19292EB61CEB8A1C007B5B05 /* map2@2x.png */,
				19292EB71CEB8A1C007B5B05 /* profile@2x.png */,
				19292EB81CEB8A1C007B5B05 /* profile2@2x.png */,
				19292EA41CEB8A15007B5B05 /* connect.png */,
				19292EA51CEB8A15007B5B05 /* exchange.png */,
				19292EA61CEB8A15007B5B05 /* home.png */,
				19292EA71CEB8A15007B5B05 /* map.png */,
				19292EA81CEB8A15007B5B05 /* map2.png */,
				19292EA91CEB8A15007B5B05 /* profile.png */,
				19292EAA1CEB8A15007B5B05 /* profile2.png */,
				6AA7879C1D17D7C700795115 /* error.png */,
			);
			name = Resources;
			sourceTree = "<group>";
		};
		19292ECE1CEB8B03007B5B05 /* ViewControllers */ = {
			isa = PBXGroup;
			children = (
				19292ECF1CEB8B3D007B5B05 /* HomeViewController.h */,
				19292ED01CEB8B3D007B5B05 /* HomeViewController.m */,
				19292ED21CEB8B4B007B5B05 /* ConnectViewController.h */,
				19292ED31CEB8B4B007B5B05 /* ConnectViewController.m */,
				19292ED81CEB8B69007B5B05 /* ExchangeViewController.h */,
				19292ED91CEB8B69007B5B05 /* ExchangeViewController.m */,
				19292EDB1CEB8B75007B5B05 /* MapViewController.h */,
				19292EDC1CEB8B75007B5B05 /* MapViewController.m */,
				D3B423751D051DDC00014B66 /* LoginViewController.h */,
				D3B423761D051DDC00014B66 /* LoginViewController.m */,
				D3B423781D051DED00014B66 /* SignInViewController.h */,
				D3B423791D051DED00014B66 /* SignInViewController.m */,
				D3B4237B1D05374700014B66 /* ImageShareViewController.h */,
				D3B4237C1D05374700014B66 /* ImageShareViewController.m */,
				19E0D2221D17384600CC081C /* ProfilePageViewController.swift */,
				19E0D2241D173A1900CC081C /* ProfileViewController.swift */,
				19E0D2261D173A2700CC081C /* LogsTableViewController.swift */,
				10EACB4A1D85CF1400F9B24F /* InfoViewController.swift */,
				10EACB531D8682AB00F9B24F /* termsOfUseViewController.swift */,
				19E0D2211D17384500CC081C /* Lumi-iOS-Bridging-Header.h */,
				D3AAD61B1D66F83A0032F058 /* EntryViewController.h */,
				D3AAD61C1D66F83A0032F058 /* EntryViewController.m */,
				106AB8131D6FECE900C03C35 /* TabBarViewController.h */,
				106AB8141D6FECE900C03C35 /* TabBarViewController.m */,
			);
			name = ViewControllers;
			sourceTree = "<group>";
		};
		19292EDE1CEB8BAC007B5B05 /* Views */ = {
			isa = PBXGroup;
			children = (
				19AC0C4B1D05E151001AA2E1 /* BubbleView.h */,
				19AC0C4C1D05E151001AA2E1 /* BubbleView.m */,
				19E0D2281D173FD400CC081C /* UIColor+Lumi.h */,
				19E0D2291D173FD400CC081C /* UIColor+Lumi.m */,
			);
			name = Views;
			sourceTree = "<group>";
		};
		19292EE01CEB8BC9007B5B05 /* DatabaseLogic */ = {
			isa = PBXGroup;
			children = (
				197C9E3E1D04AAD00017D46A /* DatabaseIntegration.h */,
				197C9E3F1D04AAD00017D46A /* DatabaseIntegration.m */,
				19AC0C4E1D060429001AA2E1 /* LocalDataIntegration.h */,
				19AC0C4F1D060429001AA2E1 /* LocalDataIntegration.m */,
				103BCA7C1DA5883B0070AB07 /* DatabaseIntegration+transitions.swift */,
			);
			name = DatabaseLogic;
			sourceTree = "<group>";
		};
		197C9E481D04C1FE0017D46A /* Rapid Development Crew */ = {
			isa = PBXGroup;
			children = (
				197C9E451D04C1F70017D46A /* RDCodeScannerView.h */,
				197C9E461D04C1F70017D46A /* RDCodeScannerView.m */,
				D34F0C2D1D1796F4003EFA6E /* RGTextField.h */,
				D34F0C2E1D1796F4003EFA6E /* RGTextField.m */,
				6AA7879E1D17EA1A00795115 /* RGFormViewController.h */,
				6AA7879F1D17EA1A00795115 /* RGFormViewController.m */,
				D309DD551D5896FB0064C70F /* RDInternetData.h */,
				D309DD561D5896FB0064C70F /* RDInternetData.m */,
				10EACB501D85F6CF00F9B24F /* UIApplication+RDAppVersion.h */,
				10EACB511D85F6CF00F9B24F /* UIApplication+RDAppVersion.m */,
			);
			name = "Rapid Development Crew";
			sourceTree = "<group>";
		};
		19AC0C471D05E0F9001AA2E1 /* StyleKit */ = {
			isa = PBXGroup;
			children = (
				19AC0C481D05E104001AA2E1 /* BubbleStyleKit.h */,
				19AC0C491D05E104001AA2E1 /* BubbleStyleKit.m */,
			);
			name = StyleKit;
			sourceTree = "<group>";
		};
		623A494E60F6753020FC90E8 /* Pods */ = {
			isa = PBXGroup;
			children = (
				EDA136D6A401203694C0ED45 /* Pods-Lumi-iOS.debug.xcconfig */,
				C0E9132237D42FF218739975 /* Pods-Lumi-iOS.release.xcconfig */,
			);
			name = Pods;
			sourceTree = "<group>";
		};
		D309DD511D5896A70064C70F /* Other Libralies */ = {
			isa = PBXGroup;
			children = (
				1089D40B1DA8373D00591DFB /* UIViewController+Alerts.h */,
				1089D40C1DA8373D00591DFB /* UIViewController+Alerts.m */,
				D309DD531D5896CF0064C70F /* Reachability.m */,
				D309DD521D5896CF0064C70F /* Reachability.h */,
			);
			name = "Other Libralies";
			sourceTree = "<group>";
		};
		D34F0C301D179952003EFA6E /* AMPopTip */ = {
			isa = PBXGroup;
			children = (
				D34F0C311D17996C003EFA6E /* AMPopTip.h */,
				D34F0C321D17996C003EFA6E /* AMPopTip.m */,
				D34F0C331D17996C003EFA6E /* AMPopTip+Animation.h */,
				D34F0C341D17996C003EFA6E /* AMPopTip+Animation.m */,
				D34F0C351D17996C003EFA6E /* AMPopTip+Draw.h */,
				D34F0C361D17996C003EFA6E /* AMPopTip+Draw.m */,
				D34F0C371D17996C003EFA6E /* AMPopTip+Entrance.h */,
				D34F0C381D17996C003EFA6E /* AMPopTip+Entrance.m */,
				D34F0C391D17996C003EFA6E /* AMPopTip+Exit.h */,
				D34F0C3A1D17996C003EFA6E /* AMPopTip+Exit.m */,
				D34F0C3B1D17996C003EFA6E /* AMPopTipDefaults.h */,
			);
			name = AMPopTip;
			sourceTree = "<group>";
		};
/* End PBXGroup section */

/* Begin PBXNativeTarget section */
		19292E851CEB8384007B5B05 /* Lumi-iOS */ = {
			isa = PBXNativeTarget;
			buildConfigurationList = 19292EA01CEB8384007B5B05 /* Build configuration list for PBXNativeTarget "Lumi-iOS" */;
			buildPhases = (
				C18CE54E753AED2FF4A8A7E7 /* [CP] Check Pods Manifest.lock */,
				19292E821CEB8384007B5B05 /* Sources */,
				19292E831CEB8384007B5B05 /* Frameworks */,
				19292E841CEB8384007B5B05 /* Resources */,
				4BB656A818559A3807DA9144 /* [CP] Embed Pods Frameworks */,
				855F4A0DAD6AAAC757A90AE5 /* [CP] Copy Pods Resources */,
			);
			buildRules = (
			);
			dependencies = (
			);
			name = "Lumi-iOS";
			productName = "Lumi-iOS";
			productReference = 19292E861CEB8384007B5B05 /* Playground Energy.app */;
			productType = "com.apple.product-type.application";
		};
/* End PBXNativeTarget section */

/* Begin PBXProject section */
		19292E7E1CEB8384007B5B05 /* Project object */ = {
			isa = PBXProject;
			attributes = {
				LastUpgradeCheck = 0810;
				ORGANIZATIONNAME = "Rapid Development Crew";
				TargetAttributes = {
					19292E851CEB8384007B5B05 = {
						CreatedOnToolsVersion = 7.3.1;
						DevelopmentTeam = H5R8ACD5E7;
						LastSwiftMigration = 0820;
						ProvisioningStyle = Automatic;
						SystemCapabilities = {
							com.apple.Push = {
								enabled = 1;
							};
						};
					};
				};
			};
			buildConfigurationList = 19292E811CEB8384007B5B05 /* Build configuration list for PBXProject "Lumi-iOS" */;
			compatibilityVersion = "Xcode 3.2";
			developmentRegion = English;
			hasScannedForEncodings = 0;
			knownRegions = (
				en,
				Base,
			);
			mainGroup = 19292E7D1CEB8384007B5B05;
			productRefGroup = 19292E871CEB8384007B5B05 /* Products */;
			projectDirPath = "";
			projectRoot = "";
			targets = (
				19292E851CEB8384007B5B05 /* Lumi-iOS */,
			);
		};
/* End PBXProject section */

/* Begin PBXResourcesBuildPhase section */
		19292E841CEB8384007B5B05 /* Resources */ = {
			isa = PBXResourcesBuildPhase;
			buildActionMask = 2147483647;
			files = (
				19292ECD1CEB8A23007B5B05 /* profile2@3x.png in Resources */,
				19292EBF1CEB8A1C007B5B05 /* profile2@2x.png in Resources */,
				19292EAB1CEB8A15007B5B05 /* connect.png in Resources */,
				19292ECC1CEB8A23007B5B05 /* profile@3x.png in Resources */,
				19292EBC1CEB8A1C007B5B05 /* map@2x.png in Resources */,
				19292ECA1CEB8A23007B5B05 /* map@3x.png in Resources */,
				19292E9C1CEB8384007B5B05 /* LaunchScreen.storyboard in Resources */,
				19292EAD1CEB8A15007B5B05 /* home.png in Resources */,
				19292EAF1CEB8A15007B5B05 /* map2.png in Resources */,
				19292EBB1CEB8A1C007B5B05 /* home@2x.png in Resources */,
				19292EC81CEB8A23007B5B05 /* exchange@3x.png in Resources */,
				19292ECB1CEB8A23007B5B05 /* map2@3x.png in Resources */,
				19292EBD1CEB8A1C007B5B05 /* map2@2x.png in Resources */,
				19292EC71CEB8A23007B5B05 /* connect@3x.png in Resources */,
				19292EB01CEB8A15007B5B05 /* profile.png in Resources */,
				10D4588C1DA15CE0000DC62A /* GoogleService-Info.plist in Resources */,
				19292EAC1CEB8A15007B5B05 /* exchange.png in Resources */,
				19292EB91CEB8A1C007B5B05 /* connect@2x.png in Resources */,
				19292EBA1CEB8A1C007B5B05 /* exchange@2x.png in Resources */,
				19292EAE1CEB8A15007B5B05 /* map.png in Resources */,
				105F40FC1D775C8200852EDC /* locationPin@2x.png in Resources */,
				D3AAD61F1D66FD6E0032F058 /* locationPin.png in Resources */,
				19292EBE1CEB8A1C007B5B05 /* profile@2x.png in Resources */,
				10EACB4F1D85D90D00F9B24F /* lumi-privacy.pdf in Resources */,
				19292E991CEB8384007B5B05 /* Assets.xcassets in Resources */,
				105F40FD1D775C8200852EDC /* locationPin@3x.png in Resources */,
				19292EB11CEB8A15007B5B05 /* profile2.png in Resources */,
				D3094E4F1D0710FB00E3C180 /* lumi.png in Resources */,
				19292EC91CEB8A23007B5B05 /* home@3x.png in Resources */,
				6AA7879D1D17D7C700795115 /* error.png in Resources */,
				19292E971CEB8384007B5B05 /* Main.storyboard in Resources */,
			);
			runOnlyForDeploymentPostprocessing = 0;
		};
/* End PBXResourcesBuildPhase section */

/* Begin PBXShellScriptBuildPhase section */
		4BB656A818559A3807DA9144 /* [CP] Embed Pods Frameworks */ = {
			isa = PBXShellScriptBuildPhase;
			buildActionMask = 2147483647;
			files = (
			);
			inputPaths = (
			);
			name = "[CP] Embed Pods Frameworks";
			outputPaths = (
			);
			runOnlyForDeploymentPostprocessing = 0;
			shellPath = /bin/sh;
			shellScript = "\"${SRCROOT}/Pods/Target Support Files/Pods-Lumi-iOS/Pods-Lumi-iOS-frameworks.sh\"\n";
			showEnvVarsInLog = 0;
		};
		855F4A0DAD6AAAC757A90AE5 /* [CP] Copy Pods Resources */ = {
			isa = PBXShellScriptBuildPhase;
			buildActionMask = 2147483647;
			files = (
			);
			inputPaths = (
			);
			name = "[CP] Copy Pods Resources";
			outputPaths = (
			);
			runOnlyForDeploymentPostprocessing = 0;
			shellPath = /bin/sh;
			shellScript = "\"${SRCROOT}/Pods/Target Support Files/Pods-Lumi-iOS/Pods-Lumi-iOS-resources.sh\"\n";
			showEnvVarsInLog = 0;
		};
		C18CE54E753AED2FF4A8A7E7 /* [CP] Check Pods Manifest.lock */ = {
			isa = PBXShellScriptBuildPhase;
			buildActionMask = 2147483647;
			files = (
			);
			inputPaths = (
			);
			name = "[CP] Check Pods Manifest.lock";
			outputPaths = (
			);
			runOnlyForDeploymentPostprocessing = 0;
			shellPath = /bin/sh;
			shellScript = "diff \"${PODS_ROOT}/../Podfile.lock\" \"${PODS_ROOT}/Manifest.lock\" > /dev/null\nif [[ $? != 0 ]] ; then\n    cat << EOM\nerror: The sandbox is not in sync with the Podfile.lock. Run 'pod install' or update your CocoaPods installation.\nEOM\n    exit 1\nfi\n";
			showEnvVarsInLog = 0;
		};
/* End PBXShellScriptBuildPhase section */

/* Begin PBXSourcesBuildPhase section */
		19292E821CEB8384007B5B05 /* Sources */ = {
			isa = PBXSourcesBuildPhase;
			buildActionMask = 2147483647;
			files = (
				D309DD541D5896CF0064C70F /* Reachability.m in Sources */,
				19292E8E1CEB8384007B5B05 /* AppDelegate.m in Sources */,
				10EACB521D85F6CF00F9B24F /* UIApplication+RDAppVersion.m in Sources */,
				197C9E401D04AAD00017D46A /* DatabaseIntegration.m in Sources */,
				D3B4237D1D05374700014B66 /* ImageShareViewController.m in Sources */,
				10EACB541D8682AB00F9B24F /* termsOfUseViewController.swift in Sources */,
				10EACB4B1D85CF1400F9B24F /* InfoViewController.swift in Sources */,
				D34F0C2F1D1796F4003EFA6E /* RGTextField.m in Sources */,
				19292EDA1CEB8B69007B5B05 /* ExchangeViewController.m in Sources */,
				1089D40D1DA8373D00591DFB /* UIViewController+Alerts.m in Sources */,
				103BCA7D1DA5883B0070AB07 /* DatabaseIntegration+transitions.swift in Sources */,
				D34F0C3D1D17996C003EFA6E /* AMPopTip+Animation.m in Sources */,
				19292E8B1CEB8384007B5B05 /* main.m in Sources */,
				D34F0C3F1D17996C003EFA6E /* AMPopTip+Entrance.m in Sources */,
				19AC0C4D1D05E151001AA2E1 /* BubbleView.m in Sources */,
				6AA787A01D17EA1A00795115 /* RGFormViewController.m in Sources */,
				D34F0C401D17996C003EFA6E /* AMPopTip+Exit.m in Sources */,
				D34F0C3C1D17996C003EFA6E /* AMPopTip.m in Sources */,
				19E0D2251D173A1900CC081C /* ProfileViewController.swift in Sources */,
				D3B4237A1D051DED00014B66 /* SignInViewController.m in Sources */,
				19E0D2271D173A2700CC081C /* LogsTableViewController.swift in Sources */,
				106AB8151D6FECE900C03C35 /* TabBarViewController.m in Sources */,
				D3B423771D051DDC00014B66 /* LoginViewController.m in Sources */,
				19AC0C501D060429001AA2E1 /* LocalDataIntegration.m in Sources */,
				D309DD571D5896FB0064C70F /* RDInternetData.m in Sources */,
				19292ED11CEB8B3D007B5B05 /* HomeViewController.m in Sources */,
				19E0D2231D17384600CC081C /* ProfilePageViewController.swift in Sources */,
				D3AAD61D1D66F83A0032F058 /* EntryViewController.m in Sources */,
				19292ED41CEB8B4B007B5B05 /* ConnectViewController.m in Sources */,
				197C9E471D04C1F70017D46A /* RDCodeScannerView.m in Sources */,
				19292EDD1CEB8B75007B5B05 /* MapViewController.m in Sources */,
				D34F0C3E1D17996C003EFA6E /* AMPopTip+Draw.m in Sources */,
				19E0D22A1D173FD400CC081C /* UIColor+Lumi.m in Sources */,
				19AC0C4A1D05E104001AA2E1 /* BubbleStyleKit.m in Sources */,
			);
			runOnlyForDeploymentPostprocessing = 0;
		};
/* End PBXSourcesBuildPhase section */

/* Begin PBXVariantGroup section */
		19292E951CEB8384007B5B05 /* Main.storyboard */ = {
			isa = PBXVariantGroup;
			children = (
				19292E961CEB8384007B5B05 /* Base */,
			);
			name = Main.storyboard;
			sourceTree = "<group>";
		};
		19292E9A1CEB8384007B5B05 /* LaunchScreen.storyboard */ = {
			isa = PBXVariantGroup;
			children = (
				19292E9B1CEB8384007B5B05 /* Base */,
			);
			name = LaunchScreen.storyboard;
			sourceTree = "<group>";
		};
/* End PBXVariantGroup section */

/* Begin XCBuildConfiguration section */
		19292E9E1CEB8384007B5B05 /* Debug */ = {
			isa = XCBuildConfiguration;
			buildSettings = {
				ALWAYS_SEARCH_USER_PATHS = NO;
				CLANG_ANALYZER_NONNULL = YES;
				CLANG_CXX_LANGUAGE_STANDARD = "gnu++0x";
				CLANG_CXX_LIBRARY = "libc++";
				CLANG_ENABLE_MODULES = YES;
				CLANG_ENABLE_OBJC_ARC = YES;
				CLANG_WARN_BOOL_CONVERSION = YES;
				CLANG_WARN_CONSTANT_CONVERSION = YES;
				CLANG_WARN_DIRECT_OBJC_ISA_USAGE = YES_ERROR;
				CLANG_WARN_EMPTY_BODY = YES;
				CLANG_WARN_ENUM_CONVERSION = YES;
				CLANG_WARN_INFINITE_RECURSION = YES;
				CLANG_WARN_INT_CONVERSION = YES;
				CLANG_WARN_OBJC_ROOT_CLASS = YES_ERROR;
				CLANG_WARN_SUSPICIOUS_MOVE = YES;
				CLANG_WARN_UNREACHABLE_CODE = YES;
				CLANG_WARN__DUPLICATE_METHOD_MATCH = YES;
				"CODE_SIGN_IDENTITY[sdk=iphoneos*]" = "iPhone Developer";
				COPY_PHASE_STRIP = NO;
				DEBUG_INFORMATION_FORMAT = dwarf;
				ENABLE_STRICT_OBJC_MSGSEND = YES;
				ENABLE_TESTABILITY = YES;
				GCC_C_LANGUAGE_STANDARD = gnu99;
				GCC_DYNAMIC_NO_PIC = NO;
				GCC_NO_COMMON_BLOCKS = YES;
				GCC_OPTIMIZATION_LEVEL = 0;
				GCC_PREPROCESSOR_DEFINITIONS = (
					"DEBUG=1",
					"$(inherited)",
				);
				GCC_WARN_64_TO_32_BIT_CONVERSION = YES;
				GCC_WARN_ABOUT_RETURN_TYPE = YES_ERROR;
				GCC_WARN_UNDECLARED_SELECTOR = YES;
				GCC_WARN_UNINITIALIZED_AUTOS = YES_AGGRESSIVE;
				GCC_WARN_UNUSED_FUNCTION = YES;
				GCC_WARN_UNUSED_VARIABLE = YES;
				IPHONEOS_DEPLOYMENT_TARGET = 9.3;
				MTL_ENABLE_DEBUG_INFO = YES;
				ONLY_ACTIVE_ARCH = YES;
				SDKROOT = iphoneos;
				TARGETED_DEVICE_FAMILY = "1,2";
			};
			name = Debug;
		};
		19292E9F1CEB8384007B5B05 /* Release */ = {
			isa = XCBuildConfiguration;
			buildSettings = {
				ALWAYS_SEARCH_USER_PATHS = NO;
				CLANG_ANALYZER_NONNULL = YES;
				CLANG_CXX_LANGUAGE_STANDARD = "gnu++0x";
				CLANG_CXX_LIBRARY = "libc++";
				CLANG_ENABLE_MODULES = YES;
				CLANG_ENABLE_OBJC_ARC = YES;
				CLANG_WARN_BOOL_CONVERSION = YES;
				CLANG_WARN_CONSTANT_CONVERSION = YES;
				CLANG_WARN_DIRECT_OBJC_ISA_USAGE = YES_ERROR;
				CLANG_WARN_EMPTY_BODY = YES;
				CLANG_WARN_ENUM_CONVERSION = YES;
				CLANG_WARN_INFINITE_RECURSION = YES;
				CLANG_WARN_INT_CONVERSION = YES;
				CLANG_WARN_OBJC_ROOT_CLASS = YES_ERROR;
				CLANG_WARN_SUSPICIOUS_MOVE = YES;
				CLANG_WARN_UNREACHABLE_CODE = YES;
				CLANG_WARN__DUPLICATE_METHOD_MATCH = YES;
				"CODE_SIGN_IDENTITY[sdk=iphoneos*]" = "iPhone Developer";
				COPY_PHASE_STRIP = NO;
				DEBUG_INFORMATION_FORMAT = "dwarf-with-dsym";
				ENABLE_NS_ASSERTIONS = NO;
				ENABLE_STRICT_OBJC_MSGSEND = YES;
				GCC_C_LANGUAGE_STANDARD = gnu99;
				GCC_NO_COMMON_BLOCKS = YES;
				GCC_WARN_64_TO_32_BIT_CONVERSION = YES;
				GCC_WARN_ABOUT_RETURN_TYPE = YES_ERROR;
				GCC_WARN_UNDECLARED_SELECTOR = YES;
				GCC_WARN_UNINITIALIZED_AUTOS = YES_AGGRESSIVE;
				GCC_WARN_UNUSED_FUNCTION = YES;
				GCC_WARN_UNUSED_VARIABLE = YES;
				IPHONEOS_DEPLOYMENT_TARGET = 9.3;
				MTL_ENABLE_DEBUG_INFO = NO;
				SDKROOT = iphoneos;
				SWIFT_OPTIMIZATION_LEVEL = "-Owholemodule";
				TARGETED_DEVICE_FAMILY = "1,2";
				VALIDATE_PRODUCT = YES;
			};
			name = Release;
		};
		19292EA11CEB8384007B5B05 /* Debug */ = {
			isa = XCBuildConfiguration;
			baseConfigurationReference = EDA136D6A401203694C0ED45 /* Pods-Lumi-iOS.debug.xcconfig */;
			buildSettings = {
				ALWAYS_EMBED_SWIFT_STANDARD_LIBRARIES = YES;
				ASSETCATALOG_COMPILER_APPICON_NAME = AppIcon;
				CLANG_ENABLE_MODULES = YES;
				CODE_SIGN_ENTITLEMENTS = "Lumi-iOS/Playground Energy.entitlements";
				CODE_SIGN_IDENTITY = "iPhone Developer";
				"CODE_SIGN_IDENTITY[sdk=iphoneos*]" = "iPhone Developer";
				DEFINES_MODULE = YES;
				DEVELOPMENT_TEAM = H5R8ACD5E7;
				ENABLE_BITCODE = NO;
				FRAMEWORK_SEARCH_PATHS = (
					"$(inherited)",
					"$(PROJECT_DIR)",
				);
				INFOPLIST_FILE = "Lumi-iOS/Info.plist";
				IPHONEOS_DEPLOYMENT_TARGET = 8.0;
				LD_RUNPATH_SEARCH_PATHS = "$(inherited) @executable_path/Frameworks";
				PRODUCT_BUNDLE_IDENTIFIER = "RDCrew.Lumi-iOS";
				PRODUCT_NAME = "Playground Energy";
				PROVISIONING_PROFILE = "";
				SWIFT_OBJC_BRIDGING_HEADER = "Lumi-iOS/Lumi-iOS-Bridging-Header.h";
				SWIFT_OPTIMIZATION_LEVEL = "-Onone";
				SWIFT_VERSION = 3.0;
			};
			name = Debug;
		};
		19292EA21CEB8384007B5B05 /* Release */ = {
			isa = XCBuildConfiguration;
			baseConfigurationReference = C0E9132237D42FF218739975 /* Pods-Lumi-iOS.release.xcconfig */;
			buildSettings = {
				ALWAYS_EMBED_SWIFT_STANDARD_LIBRARIES = YES;
				ASSETCATALOG_COMPILER_APPICON_NAME = AppIcon;
				CLANG_ENABLE_MODULES = YES;
				CODE_SIGN_ENTITLEMENTS = "Lumi-iOS/Playground Energy.entitlements";
				CODE_SIGN_IDENTITY = "iPhone Developer";
				"CODE_SIGN_IDENTITY[sdk=iphoneos*]" = "iPhone Developer";
				DEFINES_MODULE = YES;
				DEVELOPMENT_TEAM = H5R8ACD5E7;
				ENABLE_BITCODE = NO;
				FRAMEWORK_SEARCH_PATHS = (
					"$(inherited)",
					"$(PROJECT_DIR)",
				);
				INFOPLIST_FILE = "Lumi-iOS/Info.plist";
				IPHONEOS_DEPLOYMENT_TARGET = 8.0;
				LD_RUNPATH_SEARCH_PATHS = "$(inherited) @executable_path/Frameworks";
				PRODUCT_BUNDLE_IDENTIFIER = "RDCrew.Lumi-iOS";
				PRODUCT_NAME = "Playground Energy";
				PROVISIONING_PROFILE = "";
				SWIFT_OBJC_BRIDGING_HEADER = "Lumi-iOS/Lumi-iOS-Bridging-Header.h";
				SWIFT_VERSION = 3.0;
			};
			name = Release;
		};
/* End XCBuildConfiguration section */

/* Begin XCConfigurationList section */
		19292E811CEB8384007B5B05 /* Build configuration list for PBXProject "Lumi-iOS" */ = {
			isa = XCConfigurationList;
			buildConfigurations = (
				19292E9E1CEB8384007B5B05 /* Debug */,
				19292E9F1CEB8384007B5B05 /* Release */,
			);
			defaultConfigurationIsVisible = 0;
			defaultConfigurationName = Release;
		};
		19292EA01CEB8384007B5B05 /* Build configuration list for PBXNativeTarget "Lumi-iOS" */ = {
			isa = XCConfigurationList;
			buildConfigurations = (
				19292EA11CEB8384007B5B05 /* Debug */,
				19292EA21CEB8384007B5B05 /* Release */,
			);
			defaultConfigurationIsVisible = 0;
			defaultConfigurationName = Release;
		};
/* End XCConfigurationList section */
	};
	rootObject = 19292E7E1CEB8384007B5B05 /* Project object */;
}
